// !$*UTF8*$!
{
	archiveVersion = 1;
	classes = {
	};
	objectVersion = 55;
	objects = {

/* Begin PBXBuildFile section */
		6F28C9B12791A063007A7AD5 /* LandmarksApp.swift in Sources */ = {isa = PBXBuildFile; fileRef = 6F28C9B02791A063007A7AD5 /* LandmarksApp.swift */; };
		6F28C9B32791A063007A7AD5 /* ContentView.swift in Sources */ = {isa = PBXBuildFile; fileRef = 6F28C9B22791A063007A7AD5 /* ContentView.swift */; };
		6F28C9B52791A064007A7AD5 /* Assets.xcassets in Resources */ = {isa = PBXBuildFile; fileRef = 6F28C9B42791A064007A7AD5 /* Assets.xcassets */; };
		6F28C9B82791A064007A7AD5 /* Preview Assets.xcassets in Resources */ = {isa = PBXBuildFile; fileRef = 6F28C9B72791A064007A7AD5 /* Preview Assets.xcassets */; };
		6FA513F12792C5660076C69D /* FavoriteButton.swift in Sources */ = {isa = PBXBuildFile; fileRef = 6FA513F02792C5660076C69D /* FavoriteButton.swift */; };
		6FA513F52792DBEE0076C69D /* HexagonParameters.swift in Sources */ = {isa = PBXBuildFile; fileRef = 6FA513F42792DBEE0076C69D /* HexagonParameters.swift */; };
		6FA513F72792DCFD0076C69D /* BadgeBackground.swift in Sources */ = {isa = PBXBuildFile; fileRef = 6FA513F62792DCFD0076C69D /* BadgeBackground.swift */; };
		6FA513F92792E0D10076C69D /* BadgeSymbol.swift in Sources */ = {isa = PBXBuildFile; fileRef = 6FA513F82792E0D10076C69D /* BadgeSymbol.swift */; };
		6FA513FB2792E1B30076C69D /* RotatedBadgeSymbol.swift in Sources */ = {isa = PBXBuildFile; fileRef = 6FA513FA2792E1B30076C69D /* RotatedBadgeSymbol.swift */; };
		6FA513FD2792E1F50076C69D /* Badge.swift in Sources */ = {isa = PBXBuildFile; fileRef = 6FA513FC2792E1F50076C69D /* Badge.swift */; };
		6FA514002792E48A0076C69D /* hikeData.json in Resources */ = {isa = PBXBuildFile; fileRef = 6FA513FF2792E48A0076C69D /* hikeData.json */; };
		6FA514022792E4BA0076C69D /* Hike.swift in Sources */ = {isa = PBXBuildFile; fileRef = 6FA514012792E4BA0076C69D /* Hike.swift */; };
		6FA514082792E6040076C69D /* GraphCapsule.swift in Sources */ = {isa = PBXBuildFile; fileRef = 6FA514042792E6040076C69D /* GraphCapsule.swift */; };
		6FA514092792E6040076C69D /* HikeGraph.swift in Sources */ = {isa = PBXBuildFile; fileRef = 6FA514052792E6040076C69D /* HikeGraph.swift */; };
		6FA5140A2792E6040076C69D /* HikeDetail.swift in Sources */ = {isa = PBXBuildFile; fileRef = 6FA514062792E6040076C69D /* HikeDetail.swift */; };
		6FA5140B2792E6040076C69D /* HikeView.swift in Sources */ = {isa = PBXBuildFile; fileRef = 6FA514072792E6040076C69D /* HikeView.swift */; };
		6FA5140E279326AD0076C69D /* CategoryHome.swift in Sources */ = {isa = PBXBuildFile; fileRef = 6FA5140D279326AD0076C69D /* CategoryHome.swift */; };
		6FA51410279329610076C69D /* CategoryRow.swift in Sources */ = {isa = PBXBuildFile; fileRef = 6FA5140F279329610076C69D /* CategoryRow.swift */; };
		6FA5141227932B5E0076C69D /* CategoryItem.swift in Sources */ = {isa = PBXBuildFile; fileRef = 6FA5141127932B5E0076C69D /* CategoryItem.swift */; };
		6FB27AC72791E8DF006B6945 /* CircleImage.swift in Sources */ = {isa = PBXBuildFile; fileRef = 6FB27AC62791E8DF006B6945 /* CircleImage.swift */; };
		6FB27AC92791EB00006B6945 /* MapView.swift in Sources */ = {isa = PBXBuildFile; fileRef = 6FB27AC82791EB00006B6945 /* MapView.swift */; };
		6FB27ACB2791F3E5006B6945 /* landmarkData.json in Resources */ = {isa = PBXBuildFile; fileRef = 6FB27ACA2791F3E5006B6945 /* landmarkData.json */; };
		6FB27ACD2791F420006B6945 /* Landmark.swift in Sources */ = {isa = PBXBuildFile; fileRef = 6FB27ACC2791F420006B6945 /* Landmark.swift */; };
		6FB27ACF2791F5E6006B6945 /* ModelData.swift in Sources */ = {isa = PBXBuildFile; fileRef = 6FB27ACE2791F5E6006B6945 /* ModelData.swift */; };
		6FB27AD42791F822006B6945 /* LandmarkRow.swift in Sources */ = {isa = PBXBuildFile; fileRef = 6FB27AD32791F822006B6945 /* LandmarkRow.swift */; };
		6FB27AD62791FA32006B6945 /* LandmarkList.swift in Sources */ = {isa = PBXBuildFile; fileRef = 6FB27AD52791FA32006B6945 /* LandmarkList.swift */; };
		6FB27AD827925EDB006B6945 /* LandmarkDetail.swift in Sources */ = {isa = PBXBuildFile; fileRef = 6FB27AD727925EDB006B6945 /* LandmarkDetail.swift */; };
/* End PBXBuildFile section */

/* Begin PBXFileReference section */
		6F28C9AD2791A063007A7AD5 /* Landmarks.app */ = {isa = PBXFileReference; explicitFileType = wrapper.application; includeInIndex = 0; path = Landmarks.app; sourceTree = BUILT_PRODUCTS_DIR; };
		6F28C9B02791A063007A7AD5 /* LandmarksApp.swift */ = {isa = PBXFileReference; lastKnownFileType = sourcecode.swift; path = LandmarksApp.swift; sourceTree = "<group>"; };
		6F28C9B22791A063007A7AD5 /* ContentView.swift */ = {isa = PBXFileReference; lastKnownFileType = sourcecode.swift; path = ContentView.swift; sourceTree = "<group>"; };
		6F28C9B42791A064007A7AD5 /* Assets.xcassets */ = {isa = PBXFileReference; lastKnownFileType = folder.assetcatalog; path = Assets.xcassets; sourceTree = "<group>"; };
		6F28C9B72791A064007A7AD5 /* Preview Assets.xcassets */ = {isa = PBXFileReference; lastKnownFileType = folder.assetcatalog; path = "Preview Assets.xcassets"; sourceTree = "<group>"; };
		6FA513F02792C5660076C69D /* FavoriteButton.swift */ = {isa = PBXFileReference; lastKnownFileType = sourcecode.swift; path = FavoriteButton.swift; sourceTree = "<group>"; };
		6FA513F42792DBEE0076C69D /* HexagonParameters.swift */ = {isa = PBXFileReference; lastKnownFileType = sourcecode.swift; path = HexagonParameters.swift; sourceTree = "<group>"; };
		6FA513F62792DCFD0076C69D /* BadgeBackground.swift */ = {isa = PBXFileReference; lastKnownFileType = sourcecode.swift; path = BadgeBackground.swift; sourceTree = "<group>"; };
		6FA513F82792E0D10076C69D /* BadgeSymbol.swift */ = {isa = PBXFileReference; lastKnownFileType = sourcecode.swift; path = BadgeSymbol.swift; sourceTree = "<group>"; };
		6FA513FA2792E1B30076C69D /* RotatedBadgeSymbol.swift */ = {isa = PBXFileReference; lastKnownFileType = sourcecode.swift; path = RotatedBadgeSymbol.swift; sourceTree = "<group>"; };
		6FA513FC2792E1F50076C69D /* Badge.swift */ = {isa = PBXFileReference; lastKnownFileType = sourcecode.swift; path = Badge.swift; sourceTree = "<group>"; };
		6FA513FF2792E48A0076C69D /* hikeData.json */ = {isa = PBXFileReference; fileEncoding = 4; lastKnownFileType = text.json; path = hikeData.json; sourceTree = "<group>"; };
		6FA514012792E4BA0076C69D /* Hike.swift */ = {isa = PBXFileReference; lastKnownFileType = sourcecode.swift; path = Hike.swift; sourceTree = "<group>"; };
		6FA514042792E6040076C69D /* GraphCapsule.swift */ = {isa = PBXFileReference; fileEncoding = 4; lastKnownFileType = sourcecode.swift; path = GraphCapsule.swift; sourceTree = "<group>"; };
		6FA514052792E6040076C69D /* HikeGraph.swift */ = {isa = PBXFileReference; fileEncoding = 4; lastKnownFileType = sourcecode.swift; path = HikeGraph.swift; sourceTree = "<group>"; };
		6FA514062792E6040076C69D /* HikeDetail.swift */ = {isa = PBXFileReference; fileEncoding = 4; lastKnownFileType = sourcecode.swift; path = HikeDetail.swift; sourceTree = "<group>"; };
		6FA514072792E6040076C69D /* HikeView.swift */ = {isa = PBXFileReference; fileEncoding = 4; lastKnownFileType = sourcecode.swift; path = HikeView.swift; sourceTree = "<group>"; };
		6FA5140D279326AD0076C69D /* CategoryHome.swift */ = {isa = PBXFileReference; lastKnownFileType = sourcecode.swift; path = CategoryHome.swift; sourceTree = "<group>"; };
		6FA5140F279329610076C69D /* CategoryRow.swift */ = {isa = PBXFileReference; lastKnownFileType = sourcecode.swift; path = CategoryRow.swift; sourceTree = "<group>"; };
		6FA5141127932B5E0076C69D /* CategoryItem.swift */ = {isa = PBXFileReference; lastKnownFileType = sourcecode.swift; path = CategoryItem.swift; sourceTree = "<group>"; };
		6FB27AC62791E8DF006B6945 /* CircleImage.swift */ = {isa = PBXFileReference; lastKnownFileType = sourcecode.swift; path = CircleImage.swift; sourceTree = "<group>"; };
		6FB27AC82791EB00006B6945 /* MapView.swift */ = {isa = PBXFileReference; lastKnownFileType = sourcecode.swift; path = MapView.swift; sourceTree = "<group>"; };
		6FB27ACA2791F3E5006B6945 /* landmarkData.json */ = {isa = PBXFileReference; fileEncoding = 4; lastKnownFileType = text.json; path = landmarkData.json; sourceTree = "<group>"; };
		6FB27ACC2791F420006B6945 /* Landmark.swift */ = {isa = PBXFileReference; lastKnownFileType = sourcecode.swift; path = Landmark.swift; sourceTree = "<group>"; };
		6FB27ACE2791F5E6006B6945 /* ModelData.swift */ = {isa = PBXFileReference; lastKnownFileType = sourcecode.swift; path = ModelData.swift; sourceTree = "<group>"; };
		6FB27AD32791F822006B6945 /* LandmarkRow.swift */ = {isa = PBXFileReference; lastKnownFileType = sourcecode.swift; path = LandmarkRow.swift; sourceTree = "<group>"; };
		6FB27AD52791FA32006B6945 /* LandmarkList.swift */ = {isa = PBXFileReference; lastKnownFileType = sourcecode.swift; path = LandmarkList.swift; sourceTree = "<group>"; };
		6FB27AD727925EDB006B6945 /* LandmarkDetail.swift */ = {isa = PBXFileReference; lastKnownFileType = sourcecode.swift; path = LandmarkDetail.swift; sourceTree = "<group>"; };
/* End PBXFileReference section */

/* Begin PBXFrameworksBuildPhase section */
		6F28C9AA2791A063007A7AD5 /* Frameworks */ = {
			isa = PBXFrameworksBuildPhase;
			buildActionMask = 2147483647;
			files = (
			);
			runOnlyForDeploymentPostprocessing = 0;
		};
/* End PBXFrameworksBuildPhase section */

/* Begin PBXGroup section */
		6F28C9A42791A063007A7AD5 = {
			isa = PBXGroup;
			children = (
				6F28C9AF2791A063007A7AD5 /* Landmarks */,
				6F28C9AE2791A063007A7AD5 /* Products */,
			);
			sourceTree = "<group>";
		};
		6F28C9AE2791A063007A7AD5 /* Products */ = {
			isa = PBXGroup;
			children = (
				6F28C9AD2791A063007A7AD5 /* Landmarks.app */,
			);
			name = Products;
			sourceTree = "<group>";
		};
		6F28C9AF2791A063007A7AD5 /* Landmarks */ = {
			isa = PBXGroup;
			children = (
				6F28C9B02791A063007A7AD5 /* LandmarksApp.swift */,
				6FB27AD12791F7C4006B6945 /* Model */,
				6FB27AD02791F7B5006B6945 /* Views */,
				6F28C9B42791A064007A7AD5 /* Assets.xcassets */,
				6F28C9B62791A064007A7AD5 /* Preview Content */,
				6FB27AD22791F7D0006B6945 /* Resources */,
			);
			path = Landmarks;
			sourceTree = "<group>";
		};
		6F28C9B62791A064007A7AD5 /* Preview Content */ = {
			isa = PBXGroup;
			children = (
				6F28C9B72791A064007A7AD5 /* Preview Assets.xcassets */,
			);
			path = "Preview Content";
			sourceTree = "<group>";
		};
		6FA513F22792C7800076C69D /* Landmarks */ = {
			isa = PBXGroup;
			children = (
				6FB27AD32791F822006B6945 /* LandmarkRow.swift */,
				6FB27AD52791FA32006B6945 /* LandmarkList.swift */,
				6FB27AD727925EDB006B6945 /* LandmarkDetail.swift */,
			);
			path = Landmarks;
			sourceTree = "<group>";
		};
		6FA513F32792C7970076C69D /* Helpers */ = {
			isa = PBXGroup;
			children = (
				6FB27AC62791E8DF006B6945 /* CircleImage.swift */,
				6FB27AC82791EB00006B6945 /* MapView.swift */,
				6FA513F02792C5660076C69D /* FavoriteButton.swift */,
			);
			path = Helpers;
			sourceTree = "<group>";
		};
		6FA513FE2792E3620076C69D /* Badges */ = {
			isa = PBXGroup;
			children = (
				6FA513FC2792E1F50076C69D /* Badge.swift */,
				6FA513F62792DCFD0076C69D /* BadgeBackground.swift */,
				6FA513F82792E0D10076C69D /* BadgeSymbol.swift */,
				6FA513FA2792E1B30076C69D /* RotatedBadgeSymbol.swift */,
				6FA513F42792DBEE0076C69D /* HexagonParameters.swift */,
			);
			path = Badges;
			sourceTree = "<group>";
		};
		6FA514032792E6040076C69D /* Hikes */ = {
			isa = PBXGroup;
			children = (
				6FA514042792E6040076C69D /* GraphCapsule.swift */,
				6FA514052792E6040076C69D /* HikeGraph.swift */,
				6FA514062792E6040076C69D /* HikeDetail.swift */,
				6FA514072792E6040076C69D /* HikeView.swift */,
			);
			path = Hikes;
			sourceTree = "<group>";
		};
		6FA5140C279326950076C69D /* Categories */ = {
			isa = PBXGroup;
			children = (
				6FA5140D279326AD0076C69D /* CategoryHome.swift */,
				6FA5140F279329610076C69D /* CategoryRow.swift */,
				6FA5141127932B5E0076C69D /* CategoryItem.swift */,
			);
			path = Categories;
			sourceTree = "<group>";
		};
		6FB27AD02791F7B5006B6945 /* Views */ = {
			isa = PBXGroup;
			children = (
				6F28C9B22791A063007A7AD5 /* ContentView.swift */,
				6FA5140C279326950076C69D /* Categories */,
				6FA514032792E6040076C69D /* Hikes */,
				6FA513F32792C7970076C69D /* Helpers */,
				6FA513F22792C7800076C69D /* Landmarks */,
				6FA513FE2792E3620076C69D /* Badges */,
			);
			path = Views;
			sourceTree = "<group>";
		};
		6FB27AD12791F7C4006B6945 /* Model */ = {
			isa = PBXGroup;
			children = (
				6FB27ACC2791F420006B6945 /* Landmark.swift */,
				6FB27ACE2791F5E6006B6945 /* ModelData.swift */,
				6FA514012792E4BA0076C69D /* Hike.swift */,
			);
			path = Model;
			sourceTree = "<group>";
		};
		6FB27AD22791F7D0006B6945 /* Resources */ = {
			isa = PBXGroup;
			children = (
				6FB27ACA2791F3E5006B6945 /* landmarkData.json */,
				6FA513FF2792E48A0076C69D /* hikeData.json */,
			);
			path = Resources;
			sourceTree = "<group>";
		};
/* End PBXGroup section */

/* Begin PBXNativeTarget section */
		6F28C9AC2791A063007A7AD5 /* Landmarks */ = {
			isa = PBXNativeTarget;
			buildConfigurationList = 6F28C9BB2791A064007A7AD5 /* Build configuration list for PBXNativeTarget "Landmarks" */;
			buildPhases = (
				6F28C9A92791A063007A7AD5 /* Sources */,
				6F28C9AA2791A063007A7AD5 /* Frameworks */,
				6F28C9AB2791A063007A7AD5 /* Resources */,
			);
			buildRules = (
			);
			dependencies = (
			);
			name = Landmarks;
			productName = Landmarks;
			productReference = 6F28C9AD2791A063007A7AD5 /* Landmarks.app */;
			productType = "com.apple.product-type.application";
		};
/* End PBXNativeTarget section */

/* Begin PBXProject section */
		6F28C9A52791A063007A7AD5 /* Project object */ = {
			isa = PBXProject;
			attributes = {
				BuildIndependentTargetsInParallel = 1;
				LastSwiftUpdateCheck = 1320;
				LastUpgradeCheck = 1320;
				TargetAttributes = {
					6F28C9AC2791A063007A7AD5 = {
						CreatedOnToolsVersion = 13.2.1;
					};
				};
			};
			buildConfigurationList = 6F28C9A82791A063007A7AD5 /* Build configuration list for PBXProject "Landmarks" */;
			compatibilityVersion = "Xcode 13.0";
			developmentRegion = en;
			hasScannedForEncodings = 0;
			knownRegions = (
				en,
				Base,
			);
			mainGroup = 6F28C9A42791A063007A7AD5;
			productRefGroup = 6F28C9AE2791A063007A7AD5 /* Products */;
			projectDirPath = "";
			projectRoot = "";
			targets = (
				6F28C9AC2791A063007A7AD5 /* Landmarks */,
			);
		};
/* End PBXProject section */

/* Begin PBXResourcesBuildPhase section */
		6F28C9AB2791A063007A7AD5 /* Resources */ = {
			isa = PBXResourcesBuildPhase;
			buildActionMask = 2147483647;
			files = (
				6FA514002792E48A0076C69D /* hikeData.json in Resources */,
				6F28C9B82791A064007A7AD5 /* Preview Assets.xcassets in Resources */,
				6F28C9B52791A064007A7AD5 /* Assets.xcassets in Resources */,
				6FB27ACB2791F3E5006B6945 /* landmarkData.json in Resources */,
			);
			runOnlyForDeploymentPostprocessing = 0;
		};
/* End PBXResourcesBuildPhase section */

/* Begin PBXSourcesBuildPhase section */
		6F28C9A92791A063007A7AD5 /* Sources */ = {
			isa = PBXSourcesBuildPhase;
			buildActionMask = 2147483647;
			files = (
				6FA51410279329610076C69D /* CategoryRow.swift in Sources */,
				6F28C9B32791A063007A7AD5 /* ContentView.swift in Sources */,
				6FA5140E279326AD0076C69D /* CategoryHome.swift in Sources */,
				6FA514092792E6040076C69D /* HikeGraph.swift in Sources */,
				6FA513FD2792E1F50076C69D /* Badge.swift in Sources */,
				6FB27AC92791EB00006B6945 /* MapView.swift in Sources */,
				6FA514082792E6040076C69D /* GraphCapsule.swift in Sources */,
				6F28C9B12791A063007A7AD5 /* LandmarksApp.swift in Sources */,
				6FA513F12792C5660076C69D /* FavoriteButton.swift in Sources */,
				6FA5141227932B5E0076C69D /* CategoryItem.swift in Sources */,
				6FA5140A2792E6040076C69D /* HikeDetail.swift in Sources */,
				6FA513F52792DBEE0076C69D /* HexagonParameters.swift in Sources */,
				6FA514022792E4BA0076C69D /* Hike.swift in Sources */,
				6FA513FB2792E1B30076C69D /* RotatedBadgeSymbol.swift in Sources */,
				6FA513F92792E0D10076C69D /* BadgeSymbol.swift in Sources */,
				6FB27AD62791FA32006B6945 /* LandmarkList.swift in Sources */,
				6FA5140B2792E6040076C69D /* HikeView.swift in Sources */,
				6FB27AD827925EDB006B6945 /* LandmarkDetail.swift in Sources */,
				6FA513F72792DCFD0076C69D /* BadgeBackground.swift in Sources */,
				6FB27AC72791E8DF006B6945 /* CircleImage.swift in Sources */,
				6FB27ACD2791F420006B6945 /* Landmark.swift in Sources */,
				6FB27AD42791F822006B6945 /* LandmarkRow.swift in Sources */,
				6FB27ACF2791F5E6006B6945 /* ModelData.swift in Sources */,
			);
			runOnlyForDeploymentPostprocessing = 0;
		};
/* End PBXSourcesBuildPhase section */

/* Begin XCBuildConfiguration section */
		6F28C9B92791A064007A7AD5 /* Debug */ = {
			isa = XCBuildConfiguration;
			buildSettings = {
				ALWAYS_SEARCH_USER_PATHS = NO;
				CLANG_ANALYZER_NONNULL = YES;
				CLANG_ANALYZER_NUMBER_OBJECT_CONVERSION = YES_AGGRESSIVE;
				CLANG_CXX_LANGUAGE_STANDARD = "gnu++17";
				CLANG_CXX_LIBRARY = "libc++";
				CLANG_ENABLE_MODULES = YES;
				CLANG_ENABLE_OBJC_ARC = YES;
				CLANG_ENABLE_OBJC_WEAK = YES;
				CLANG_WARN_BLOCK_CAPTURE_AUTORELEASING = YES;
				CLANG_WARN_BOOL_CONVERSION = YES;
				CLANG_WARN_COMMA = YES;
				CLANG_WARN_CONSTANT_CONVERSION = YES;
				CLANG_WARN_DEPRECATED_OBJC_IMPLEMENTATIONS = YES;
				CLANG_WARN_DIRECT_OBJC_ISA_USAGE = YES_ERROR;
				CLANG_WARN_DOCUMENTATION_COMMENTS = YES;
				CLANG_WARN_EMPTY_BODY = YES;
				CLANG_WARN_ENUM_CONVERSION = YES;
				CLANG_WARN_INFINITE_RECURSION = YES;
				CLANG_WARN_INT_CONVERSION = YES;
				CLANG_WARN_NON_LITERAL_NULL_CONVERSION = YES;
				CLANG_WARN_OBJC_IMPLICIT_RETAIN_SELF = YES;
				CLANG_WARN_OBJC_LITERAL_CONVERSION = YES;
				CLANG_WARN_OBJC_ROOT_CLASS = YES_ERROR;
				CLANG_WARN_QUOTED_INCLUDE_IN_FRAMEWORK_HEADER = YES;
				CLANG_WARN_RANGE_LOOP_ANALYSIS = YES;
				CLANG_WARN_STRICT_PROTOTYPES = YES;
				CLANG_WARN_SUSPICIOUS_MOVE = YES;
				CLANG_WARN_UNGUARDED_AVAILABILITY = YES_AGGRESSIVE;
				CLANG_WARN_UNREACHABLE_CODE = YES;
				CLANG_WARN__DUPLICATE_METHOD_MATCH = YES;
				COPY_PHASE_STRIP = NO;
				DEBUG_INFORMATION_FORMAT = dwarf;
				ENABLE_STRICT_OBJC_MSGSEND = YES;
				ENABLE_TESTABILITY = YES;
				GCC_C_LANGUAGE_STANDARD = gnu11;
				GCC_DYNAMIC_NO_PIC = NO;
				GCC_NO_COMMON_BLOCKS = YES;
				GCC_OPTIMIZATION_LEVEL = 0;
				GCC_PREPROCESSOR_DEFINITIONS = (
					"DEBUG=1",
					"$(inherited)",
				);
				GCC_WARN_64_TO_32_BIT_CONVERSION = YES;
				GCC_WARN_ABOUT_RETURN_TYPE = YES_ERROR;
				GCC_WARN_UNDECLARED_SELECTOR = YES;
				GCC_WARN_UNINITIALIZED_AUTOS = YES_AGGRESSIVE;
				GCC_WARN_UNUSED_FUNCTION = YES;
				GCC_WARN_UNUSED_VARIABLE = YES;
				IPHONEOS_DEPLOYMENT_TARGET = 15.1;
				MTL_ENABLE_DEBUG_INFO = INCLUDE_SOURCE;
				MTL_FAST_MATH = YES;
				ONLY_ACTIVE_ARCH = YES;
				SDKROOT = iphoneos;
				SWIFT_ACTIVE_COMPILATION_CONDITIONS = DEBUG;
				SWIFT_OPTIMIZATION_LEVEL = "-Onone";
			};
			name = Debug;
		};
		6F28C9BA2791A064007A7AD5 /* Release */ = {
			isa = XCBuildConfiguration;
			buildSettings = {
				ALWAYS_SEARCH_USER_PATHS = NO;
				CLANG_ANALYZER_NONNULL = YES;
				CLANG_ANALYZER_NUMBER_OBJECT_CONVERSION = YES_AGGRESSIVE;
				CLANG_CXX_LANGUAGE_STANDARD = "gnu++17";
				CLANG_CXX_LIBRARY = "libc++";
				CLANG_ENABLE_MODULES = YES;
				CLANG_ENABLE_OBJC_ARC = YES;
				CLANG_ENABLE_OBJC_WEAK = YES;
				CLANG_WARN_BLOCK_CAPTURE_AUTORELEASING = YES;
				CLANG_WARN_BOOL_CONVERSION = YES;
				CLANG_WARN_COMMA = YES;
				CLANG_WARN_CONSTANT_CONVERSION = YES;
				CLANG_WARN_DEPRECATED_OBJC_IMPLEMENTATIONS = YES;
				CLANG_WARN_DIRECT_OBJC_ISA_USAGE = YES_ERROR;
				CLANG_WARN_DOCUMENTATION_COMMENTS = YES;
				CLANG_WARN_EMPTY_BODY = YES;
				CLANG_WARN_ENUM_CONVERSION = YES;
				CLANG_WARN_INFINITE_RECURSION = YES;
				CLANG_WARN_INT_CONVERSION = YES;
				CLANG_WARN_NON_LITERAL_NULL_CONVERSION = YES;
				CLANG_WARN_OBJC_IMPLICIT_RETAIN_SELF = YES;
				CLANG_WARN_OBJC_LITERAL_CONVERSION = YES;
				CLANG_WARN_OBJC_ROOT_CLASS = YES_ERROR;
				CLANG_WARN_QUOTED_INCLUDE_IN_FRAMEWORK_HEADER = YES;
				CLANG_WARN_RANGE_LOOP_ANALYSIS = YES;
				CLANG_WARN_STRICT_PROTOTYPES = YES;
				CLANG_WARN_SUSPICIOUS_MOVE = YES;
				CLANG_WARN_UNGUARDED_AVAILABILITY = YES_AGGRESSIVE;
				CLANG_WARN_UNREACHABLE_CODE = YES;
				CLANG_WARN__DUPLICATE_METHOD_MATCH = YES;
				COPY_PHASE_STRIP = NO;
				DEBUG_INFORMATION_FORMAT = "dwarf-with-dsym";
				ENABLE_NS_ASSERTIONS = NO;
				ENABLE_STRICT_OBJC_MSGSEND = YES;
				GCC_C_LANGUAGE_STANDARD = gnu11;
				GCC_NO_COMMON_BLOCKS = YES;
				GCC_WARN_64_TO_32_BIT_CONVERSION = YES;
				GCC_WARN_ABOUT_RETURN_TYPE = YES_ERROR;
				GCC_WARN_UNDECLARED_SELECTOR = YES;
				GCC_WARN_UNINITIALIZED_AUTOS = YES_AGGRESSIVE;
				GCC_WARN_UNUSED_FUNCTION = YES;
				GCC_WARN_UNUSED_VARIABLE = YES;
				IPHONEOS_DEPLOYMENT_TARGET = 15.1;
				MTL_ENABLE_DEBUG_INFO = NO;
				MTL_FAST_MATH = YES;
				SDKROOT = iphoneos;
				SWIFT_COMPILATION_MODE = wholemodule;
				SWIFT_OPTIMIZATION_LEVEL = "-O";
				VALIDATE_PRODUCT = YES;
			};
			name = Release;
		};
		6F28C9BC2791A064007A7AD5 /* Debug */ = {
			isa = XCBuildConfiguration;
			buildSettings = {
				ASSETCATALOG_COMPILER_APPICON_NAME = AppIcon;
				ASSETCATALOG_COMPILER_GLOBAL_ACCENT_COLOR_NAME = AccentColor;
				CODE_SIGN_STYLE = Automatic;
				CURRENT_PROJECT_VERSION = 1;
				DEVELOPMENT_ASSET_PATHS = "\"Landmarks/Preview Content\"";
				DEVELOPMENT_TEAM = P5W5VH5B6D;
				ENABLE_PREVIEWS = YES;
				GENERATE_INFOPLIST_FILE = YES;
				INFOPLIST_KEY_UIApplicationSceneManifest_Generation = YES;
				INFOPLIST_KEY_UIApplicationSupportsIndirectInputEvents = YES;
				INFOPLIST_KEY_UILaunchScreen_Generation = YES;
				INFOPLIST_KEY_UISupportedInterfaceOrientations_iPad = "UIInterfaceOrientationPortrait UIInterfaceOrientationPortraitUpsideDown UIInterfaceOrientationLandscapeLeft UIInterfaceOrientationLandscapeRight";
				INFOPLIST_KEY_UISupportedInterfaceOrientations_iPhone = "UIInterfaceOrientationPortrait UIInterfaceOrientationLandscapeLeft UIInterfaceOrientationLandscapeRight";
				IPHONEOS_DEPLOYMENT_TARGET = 15.1;
				LD_RUNPATH_SEARCH_PATHS = (
					"$(inherited)",
					"@executable_path/Frameworks",
				);
				MARKETING_VERSION = 1.0;
				PRODUCT_BUNDLE_IDENTIFIER = "net.case-of-t.io.designcode.Landmarks";
				PRODUCT_NAME = "$(TARGET_NAME)";
				SWIFT_EMIT_LOC_STRINGS = YES;
				SWIFT_VERSION = 5.0;
				TARGETED_DEVICE_FAMILY = "1,2";
			};
			name = Debug;
		};
		6F28C9BD2791A064007A7AD5 /* Release */ = {
			isa = XCBuildConfiguration;
			buildSettings = {
				ASSETCATALOG_COMPILER_APPICON_NAME = AppIcon;
				ASSETCATALOG_COMPILER_GLOBAL_ACCENT_COLOR_NAME = AccentColor;
				CODE_SIGN_STYLE = Automatic;
				CURRENT_PROJECT_VERSION = 1;
				DEVELOPMENT_ASSET_PATHS = "\"Landmarks/Preview Content\"";
				DEVELOPMENT_TEAM = P5W5VH5B6D;
				ENABLE_PREVIEWS = YES;
				GENERATE_INFOPLIST_FILE = YES;
				INFOPLIST_KEY_UIApplicationSceneManifest_Generation = YES;
				INFOPLIST_KEY_UIApplicationSupportsIndirectInputEvents = YES;
				INFOPLIST_KEY_UILaunchScreen_Generation = YES;
				INFOPLIST_KEY_UISupportedInterfaceOrientations_iPad = "UIInterfaceOrientationPortrait UIInterfaceOrientationPortraitUpsideDown UIInterfaceOrientationLandscapeLeft UIInterfaceOrientationLandscapeRight";
				INFOPLIST_KEY_UISupportedInterfaceOrientations_iPhone = "UIInterfaceOrientationPortrait UIInterfaceOrientationLandscapeLeft UIInterfaceOrientationLandscapeRight";
				IPHONEOS_DEPLOYMENT_TARGET = 15.1;
				LD_RUNPATH_SEARCH_PATHS = (
					"$(inherited)",
					"@executable_path/Frameworks",
				);
				MARKETING_VERSION = 1.0;
				PRODUCT_BUNDLE_IDENTIFIER = "net.case-of-t.io.designcode.Landmarks";
				PRODUCT_NAME = "$(TARGET_NAME)";
				SWIFT_EMIT_LOC_STRINGS = YES;
				SWIFT_VERSION = 5.0;
				TARGETED_DEVICE_FAMILY = "1,2";
			};
			name = Release;
		};
/* End XCBuildConfiguration section */

/* Begin XCConfigurationList section */
		6F28C9A82791A063007A7AD5 /* Build configuration list for PBXProject "Landmarks" */ = {
			isa = XCConfigurationList;
			buildConfigurations = (
				6F28C9B92791A064007A7AD5 /* Debug */,
				6F28C9BA2791A064007A7AD5 /* Release */,
			);
			defaultConfigurationIsVisible = 0;
			defaultConfigurationName = Release;
		};
		6F28C9BB2791A064007A7AD5 /* Build configuration list for PBXNativeTarget "Landmarks" */ = {
			isa = XCConfigurationList;
			buildConfigurations = (
				6F28C9BC2791A064007A7AD5 /* Debug */,
				6F28C9BD2791A064007A7AD5 /* Release */,
			);
			defaultConfigurationIsVisible = 0;
			defaultConfigurationName = Release;
		};
/* End XCConfigurationList section */
	};
	rootObject = 6F28C9A52791A063007A7AD5 /* Project object */;
}
